
Microsoft Visual Studio Solution File, Format Version 12.00
# Visual Studio Version 16
VisualStudioVersion = 16.0.32630.194
MinimumVisualStudioVersion = 10.0.40219.1
Project("{9A19103F-16F7-4668-BE54-9A1E7A4F7556}") = "Domain", "Core\Domain\Domain.csproj", "{A33C23A3-410F-4923-8624-03A470BBB0D2}"
EndProject
Project("{2150E333-8FDC-42A3-9474-1A3956D46DE8}") = "Core", "Core", "{D1178999-8134-45B1-A763-CFA19D2A6E0B}"
EndProject
Project("{9A19103F-16F7-4668-BE54-9A1E7A4F7556}") = "Contracts", "Core\Contracts\Contracts.csproj", "{B7C32524-29A5-42FA-969C-D99221C149D4}"
EndProject
Project("{9A19103F-16F7-4668-BE54-9A1E7A4F7556}") = "Services", "Core\Services\Services.csproj", "{297EE5F0-DBF1-46E5-95F3-05DEC0054A8D}"
EndProject
Project("{9A19103F-16F7-4668-BE54-9A1E7A4F7556}") = "Services.Abstractions", "Core\Services.Abstractions\Services.Abstractions.csproj", "{C0ED727D-5296-4303-8743-94ADE0438D02}"
EndProject
Project("{2150E333-8FDC-42A3-9474-1A3956D46DE8}") = "Infrastructure", "Infrastructure", "{FA779D04-34FE-45AF-BB24-A546BB4E9F6F}"
EndProject
Project("{9A19103F-16F7-4668-BE54-9A1E7A4F7556}") = "Persistence", "Infrastructure\Persistence\Persistence.csproj", "{964ED2A0-1D34-418C-A81A-C9DB0B72F898}"
EndProject
Project("{2150E333-8FDC-42A3-9474-1A3956D46DE8}") = "Api", "Api", "{51AE7240-2D97-414E-A766-D927C0898DF4}"
EndProject
Project("{FAE04EC0-301F-11D3-BF4B-00C04F79EFBC}") = "Web", "Api\Web\Web.csproj", "{14990782-996E-49D2-BD18-9FA097672141}"
EndProject
Global
	GlobalSection(SolutionConfigurationPlatforms) = preSolution
		Debug|Any CPU = Debug|Any CPU
		Release|Any CPU = Release|Any CPU
	EndGlobalSection
	GlobalSection(ProjectConfigurationPlatforms) = postSolution
		{A33C23A3-410F-4923-8624-03A470BBB0D2}.Debug|Any CPU.ActiveCfg = Debug|Any CPU
		{A33C23A3-410F-4923-8624-03A470BBB0D2}.Debug|Any CPU.Build.0 = Debug|Any CPU
		{A33C23A3-410F-4923-8624-03A470BBB0D2}.Release|Any CPU.ActiveCfg = Release|Any CPU
		{A33C23A3-410F-4923-8624-03A470BBB0D2}.Release|Any CPU.Build.0 = Release|Any CPU
		{B7C32524-29A5-42FA-969C-D99221C149D4}.Debug|Any CPU.ActiveCfg = Debug|Any CPU
		{B7C32524-29A5-42FA-969C-D99221C149D4}.Debug|Any CPU.Build.0 = Debug|Any CPU
		{B7C32524-29A5-42FA-969C-D99221C149D4}.Release|Any CPU.ActiveCfg = Release|Any CPU
		{B7C32524-29A5-42FA-969C-D99221C149D4}.Release|Any CPU.Build.0 = Release|Any CPU
		{297EE5F0-DBF1-46E5-95F3-05DEC0054A8D}.Debug|Any CPU.ActiveCfg = Debug|Any CPU
		{297EE5F0-DBF1-46E5-95F3-05DEC0054A8D}.Debug|Any CPU.Build.0 = Debug|Any CPU
		{297EE5F0-DBF1-46E5-95F3-05DEC0054A8D}.Release|Any CPU.ActiveCfg = Release|Any CPU
		{297EE5F0-DBF1-46E5-95F3-05DEC0054A8D}.Release|Any CPU.Build.0 = Release|Any CPU
		{C0ED727D-5296-4303-8743-94ADE0438D02}.Debug|Any CPU.ActiveCfg = Debug|Any CPU
		{C0ED727D-5296-4303-8743-94ADE0438D02}.Debug|Any CPU.Build.0 = Debug|Any CPU
		{C0ED727D-5296-4303-8743-94ADE0438D02}.Release|Any CPU.ActiveCfg = Release|Any CPU
		{C0ED727D-5296-4303-8743-94ADE0438D02}.Release|Any CPU.Build.0 = Release|Any CPU
		{964ED2A0-1D34-418C-A81A-C9DB0B72F898}.Debug|Any CPU.ActiveCfg = Debug|Any CPU
		{964ED2A0-1D34-418C-A81A-C9DB0B72F898}.Debug|Any CPU.Build.0 = Debug|Any CPU
		{964ED2A0-1D34-418C-A81A-C9DB0B72F898}.Release|Any CPU.ActiveCfg = Release|Any CPU
		{964ED2A0-1D34-418C-A81A-C9DB0B72F898}.Release|Any CPU.Build.0 = Release|Any CPU
		{14990782-996E-49D2-BD18-9FA097672141}.Debug|Any CPU.ActiveCfg = Debug|Any CPU
		{14990782-996E-49D2-BD18-9FA097672141}.Debug|Any CPU.Build.0 = Debug|Any CPU
		{14990782-996E-49D2-BD18-9FA097672141}.Release|Any CPU.ActiveCfg = Release|Any CPU
		{14990782-996E-49D2-BD18-9FA097672141}.Release|Any CPU.Build.0 = Release|Any CPU
	EndGlobalSection
	GlobalSection(SolutionProperties) = preSolution
		HideSolutionNode = FALSE
	EndGlobalSection
	GlobalSection(NestedProjects) = preSolution
		{A33C23A3-410F-4923-8624-03A470BBB0D2} = {D1178999-8134-45B1-A763-CFA19D2A6E0B}
		{B7C32524-29A5-42FA-969C-D99221C149D4} = {D1178999-8134-45B1-A763-CFA19D2A6E0B}
		{297EE5F0-DBF1-46E5-95F3-05DEC0054A8D} = {D1178999-8134-45B1-A763-CFA19D2A6E0B}
		{C0ED727D-5296-4303-8743-94ADE0438D02} = {D1178999-8134-45B1-A763-CFA19D2A6E0B}
		{964ED2A0-1D34-418C-A81A-C9DB0B72F898} = {FA779D04-34FE-45AF-BB24-A546BB4E9F6F}
		{14990782-996E-49D2-BD18-9FA097672141} = {51AE7240-2D97-414E-A766-D927C0898DF4}
	EndGlobalSection
	GlobalSection(ExtensibilityGlobals) = postSolution
		SolutionGuid = {0D8212E8-317A-42B9-B0AB-518F71BE7CAE}
	EndGlobalSection
EndGlobal
